
Microsoft Visual Studio Solution File, Format Version 12.00
# Visual Studio Version 16
VisualStudioVersion = 16.0.30717.126
MinimumVisualStudioVersion = 10.0.40219.1
Project("{FAE04EC0-301F-11D3-BF4B-00C04F79EFBC}") = "Neiron_1_1", "Neiron_1_1\Neiron_1_1.csproj", "{0E83CAB4-64E6-4449-8D93-5161D92DA058}"
EndProject
Project("{FAE04EC0-301F-11D3-BF4B-00C04F79EFBC}") = "NeuronPikcher", "NeuronPikcher\NeuronPikcher.csproj", "{2F7DF3F4-DE12-4974-923B-864904F5CCB6}"
EndProject
Project("{FAE04EC0-301F-11D3-BF4B-00C04F79EFBC}") = "Neuron_1_2", "Neuron_1_2\Neuron_1_2.csproj", "{9355743E-0A3F-4407-AC63-E2D8CE29BEE3}"
EndProject
Global
	GlobalSection(SolutionConfigurationPlatforms) = preSolution
		Debug|Any CPU = Debug|Any CPU
		Release|Any CPU = Release|Any CPU
	EndGlobalSection
	GlobalSection(ProjectConfigurationPlatforms) = postSolution
		{0E83CAB4-64E6-4449-8D93-5161D92DA058}.Debug|Any CPU.ActiveCfg = Debug|Any CPU
		{0E83CAB4-64E6-4449-8D93-5161D92DA058}.Debug|Any CPU.Build.0 = Debug|Any CPU
		{0E83CAB4-64E6-4449-8D93-5161D92DA058}.Release|Any CPU.ActiveCfg = Release|Any CPU
		{0E83CAB4-64E6-4449-8D93-5161D92DA058}.Release|Any CPU.Build.0 = Release|Any CPU
		{2F7DF3F4-DE12-4974-923B-864904F5CCB6}.Debug|Any CPU.ActiveCfg = Debug|Any CPU
		{2F7DF3F4-DE12-4974-923B-864904F5CCB6}.Debug|Any CPU.Build.0 = Debug|Any CPU
		{2F7DF3F4-DE12-4974-923B-864904F5CCB6}.Release|Any CPU.ActiveCfg = Release|Any CPU
		{2F7DF3F4-DE12-4974-923B-864904F5CCB6}.Release|Any CPU.Build.0 = Release|Any CPU
		{9355743E-0A3F-4407-AC63-E2D8CE29BEE3}.Debug|Any CPU.ActiveCfg = Debug|Any CPU
		{9355743E-0A3F-4407-AC63-E2D8CE29BEE3}.Debug|Any CPU.Build.0 = Debug|Any CPU
		{9355743E-0A3F-4407-AC63-E2D8CE29BEE3}.Release|Any CPU.ActiveCfg = Release|Any CPU
		{9355743E-0A3F-4407-AC63-E2D8CE29BEE3}.Release|Any CPU.Build.0 = Release|Any CPU
	EndGlobalSection
	GlobalSection(SolutionProperties) = preSolution
		HideSolutionNode = FALSE
	EndGlobalSection
	GlobalSection(ExtensibilityGlobals) = postSolution
		SolutionGuid = {873CDBD0-8538-46C1-AE90-242FA02A9770}
	EndGlobalSection
EndGlobal
